
Microsoft Visual Studio Solution File, Format Version 12.00
# Visual Studio Version 16
VisualStudioVersion = 16.0.31321.278
MinimumVisualStudioVersion = 10.0.40219.1
Project("{FAE04EC0-301F-11D3-BF4B-00C04F79EFBC}") = "Kütüphane Otomasyonu", "Kütüphane Otomasyonu.csproj", "{0FAEE8EB-0E7E-43E7-8B65-7337CB85410D}"
EndProject
Global
	GlobalSection(SolutionConfigurationPlatforms) = preSolution
		Debug|Any CPU = Debug|Any CPU
		Release|Any CPU = Release|Any CPU
	EndGlobalSection
	GlobalSection(ProjectConfigurationPlatforms) = postSolution
		{0FAEE8EB-0E7E-43E7-8B65-7337CB85410D}.Debug|Any CPU.ActiveCfg = Debug|Any CPU
		{0FAEE8EB-0E7E-43E7-8B65-7337CB85410D}.Debug|Any CPU.Build.0 = Debug|Any CPU
		{0FAEE8EB-0E7E-43E7-8B65-7337CB85410D}.Release|Any CPU.ActiveCfg = Release|Any CPU
		{0FAEE8EB-0E7E-43E7-8B65-7337CB85410D}.Release|Any CPU.Build.0 = Release|Any CPU
	EndGlobalSection
	GlobalSection(SolutionProperties) = preSolution
		HideSolutionNode = FALSE
	EndGlobalSection
	GlobalSection(ExtensibilityGlobals) = postSolution
		SolutionGuid = {441A0362-7218-4B58-A2F1-0576E00E0A33}
	EndGlobalSection
EndGlobal
